
Microsoft Visual Studio Solution File, Format Version 12.00
# Visual Studio Version 17
VisualStudioVersion = 17.11.35219.272
MinimumVisualStudioVersion = 10.0.40219.1
Project("{FAE04EC0-301F-11D3-BF4B-00C04F79EFBC}") = "builder_pattern", "builder_pattern.csproj", "{22272769-14B4-4C4F-91D2-8A63A1E0CCE8}"
EndProject
Global
	GlobalSection(SolutionConfigurationPlatforms) = preSolution
		Debug|Any CPU = Debug|Any CPU
		Release|Any CPU = Release|Any CPU
	EndGlobalSection
	GlobalSection(ProjectConfigurationPlatforms) = postSolution
		{22272769-14B4-4C4F-91D2-8A63A1E0CCE8}.Debug|Any CPU.ActiveCfg = Debug|Any CPU
		{22272769-14B4-4C4F-91D2-8A63A1E0CCE8}.Debug|Any CPU.Build.0 = Debug|Any CPU
		{22272769-14B4-4C4F-91D2-8A63A1E0CCE8}.Release|Any CPU.ActiveCfg = Release|Any CPU
		{22272769-14B4-4C4F-91D2-8A63A1E0CCE8}.Release|Any CPU.Build.0 = Release|Any CPU
	EndGlobalSection
	GlobalSection(SolutionProperties) = preSolution
		HideSolutionNode = FALSE
	EndGlobalSection
	GlobalSection(ExtensibilityGlobals) = postSolution
		SolutionGuid = {F52C27B5-7E21-425B-9E77-2D80E608DB5A}
	EndGlobalSection
EndGlobal
